{
  "name": "webpack-example-2",
  "version": "1.0.0",
  "lockfileVersion": 1,
  "requires": true,
  "dependencies": {
    "@discoveryjs/json-ext": {
      "version": "0.5.7",
      "resolved": "https://repo.dev.wixpress.com/artifactory/api/npm/npm-repos/@discoveryjs/json-ext/-/json-ext-0.5.7.tgz",
      "integrity": "sha1-HVcr+74Ut3BOC6Dzm3SBW4SHDXA="
    },
    "@jridgewell/gen-mapping": {
      "version": "0.3.3",
      "resolved": "https://repo.dev.wixpress.com/artifactory/api/npm/npm-repos/@jridgewell/gen-mapping/-/gen-mapping-0.3.3.tgz",
      "integrity": "sha1-fgLm6135AartsIUUIDsJZhQCQJg=",
      "requires": {
        "@jridgewell/set-array": "^1.0.1",
        "@jridgewell/sourcemap-codec": "^1.4.10",
        "@jridgewell/trace-mapping": "^0.3.9"
      }
    },
    "@jridgewell/resolve-uri": {
      "version": "3.1.0",
      "resolved": "https://repo.dev.wixpress.com/artifactory/api/npm/npm-repos/@jridgewell/resolve-uri/-/resolve-uri-3.1.0.tgz",
      "integrity": "sha1-IgOxGMFXchrd/mnUe3BGVGMGbXg="
    },
    "@jridgewell/set-array": {
      "version": "1.1.2",
      "resolved": "https://repo.dev.wixpress.com/artifactory/api/npm/npm-repos/@jridgewell/set-array/-/set-array-1.1.2.tgz",
      "integrity": "sha1-fGz5mNbSC5FMClWpGuko/yWWXnI="
    },
    "@jridgewell/source-map": {
      "version": "0.3.3",
      "resolved": "https://repo.dev.wixpress.com/artifactory/api/npm/npm-repos/@jridgewell/source-map/-/source-map-0.3.3.tgz",
      "integrity": "sha1-gQgmVlnUwz5y/+FOM9bMXrWfL9o=",
      "requires": {
        "@jridgewell/gen-mapping": "^0.3.0",
        "@jridgewell/trace-mapping": "^0.3.9"
      }
    },
    "@jridgewell/sourcemap-codec": {
      "version": "1.4.14",
      "resolved": "https://repo.dev.wixpress.com/artifactory/api/npm/npm-repos/@jridgewell/sourcemap-codec/-/sourcemap-codec-1.4.14.tgz",
      "integrity": "sha1-rdTJjTQUcqKJGQtCTvvbCWmRuyQ="
    },
    "@jridgewell/trace-mapping": {
      "version": "0.3.18",
      "resolved": "https://repo.dev.wixpress.com/artifactory/api/npm/npm-repos/@jridgewell/trace-mapping/-/trace-mapping-0.3.18.tgz",
      "integrity": "sha1-JXg7IIba9v8dy1PJJJrkgOTdTNY=",
      "requires": {
        "@jridgewell/resolve-uri": "3.1.0",
        "@jridgewell/sourcemap-codec": "1.4.14"
      }
    },
    "@polka/url": {
      "version": "1.0.0-next.21",
      "resolved": "https://repo.dev.wixpress.com/artifactory/api/npm/npm-repos/@polka/url/-/url-1.0.0-next.21.tgz",
      "integrity": "sha1-XeWiOFo1MJQn9gEZkrVEUU1VmqE=",
      "dev": true
    },
    "@types/eslint": {
      "version": "8.37.0",
      "resolved": "https://repo.dev.wixpress.com/artifactory/api/npm/npm-repos/@types/eslint/-/eslint-8.37.0.tgz",
      "integrity": "sha1-Kc68bCo6x/6nETIHv1qCj99NfvE=",
      "requires": {
        "@types/estree": "*",
        "@types/json-schema": "*"
      }
    },
    "@types/eslint-scope": {
      "version": "3.7.4",
      "resolved": "https://repo.dev.wixpress.com/artifactory/api/npm/npm-repos/@types/eslint-scope/-/eslint-scope-3.7.4.tgz",
      "integrity": "sha1-N/wSI/B4bDlicGihLpTW5vxh3hY=",
      "requires": {
        "@types/eslint": "*",
        "@types/estree": "*"
      }
    },
    "@types/estree": {
      "version": "1.0.1",
      "resolved": "https://repo.dev.wixpress.com/artifactory/api/npm/npm-repos/@types/estree/-/estree-1.0.1.tgz",
      "integrity": "sha1-qiJ1CWLzvw5511PTzAZ/AQyV8ZQ="
    },
    "@types/json-schema": {
      "version": "7.0.11",
      "resolved": "https://repo.dev.wixpress.com/artifactory/api/npm/npm-repos/@types/json-schema/-/json-schema-7.0.11.tgz",
      "integrity": "sha1-1CG2xSejA398hEM/0sQingFoY9M="
    },
    "@types/node": {
      "version": "18.16.0",
      "resolved": "https://repo.dev.wixpress.com/artifactory/api/npm/npm-repos/@types/node/-/node-18.16.0.tgz",
      "integrity": "sha1-Rmi8OSu2k4Y3tH6YsfLtVCbzMxY="
    },
    "@webassemblyjs/ast": {
      "version": "1.11.5",
      "resolved": "https://repo.dev.wixpress.com/artifactory/api/npm/npm-repos/@webassemblyjs/ast/-/ast-1.11.5.tgz",
      "integrity": "sha1-boGANrlFSMH7U7dUtcrjybIIKBw=",
      "requires": {
        "@webassemblyjs/helper-numbers": "1.11.5",
        "@webassemblyjs/helper-wasm-bytecode": "1.11.5"
      }
    },
    "@webassemblyjs/floating-point-hex-parser": {
      "version": "1.11.5",
      "resolved": "https://repo.dev.wixpress.com/artifactory/api/npm/npm-repos/@webassemblyjs/floating-point-hex-parser/-/floating-point-hex-parser-1.11.5.tgz",
      "integrity": "sha1-6F39sBytFrgS/xZrloBsBQVV8bQ="
    },
    "@webassemblyjs/helper-api-error": {
      "version": "1.11.5",
      "resolved": "https://repo.dev.wixpress.com/artifactory/api/npm/npm-repos/@webassemblyjs/helper-api-error/-/helper-api-error-1.11.5.tgz",
      "integrity": "sha1-HoL6eVjGgd3PTqvvdWzgnUnUQtE="
    },
    "@webassemblyjs/helper-buffer": {
      "version": "1.11.5",
      "resolved": "https://repo.dev.wixpress.com/artifactory/api/npm/npm-repos/@webassemblyjs/helper-buffer/-/helper-buffer-1.11.5.tgz",
      "integrity": "sha1-kTgWUuqVuzi7/ScHAjUcDInWn7o="
    },
    "@webassemblyjs/helper-numbers": {
      "version": "1.11.5",
      "resolved": "https://repo.dev.wixpress.com/artifactory/api/npm/npm-repos/@webassemblyjs/helper-numbers/-/helper-numbers-1.11.5.tgz",
      "integrity": "sha1-IzgMkQ1WdklXKSg5AG/svgXhNak=",
      "requires": {
        "@webassemblyjs/floating-point-hex-parser": "1.11.5",
        "@webassemblyjs/helper-api-error": "1.11.5",
        "@xtuc/long": "4.2.2"
      }
    },
    "@webassemblyjs/helper-wasm-bytecode": {
      "version": "1.11.5",
      "resolved": "https://repo.dev.wixpress.com/artifactory/api/npm/npm-repos/@webassemblyjs/helper-wasm-bytecode/-/helper-wasm-bytecode-1.11.5.tgz",
      "integrity": "sha1-4liiUlG8aaUu+BfaMAGGPMHCS58="
    },
    "@webassemblyjs/helper-wasm-section": {
      "version": "1.11.5",
      "resolved": "https://repo.dev.wixpress.com/artifactory/api/npm/npm-repos/@webassemblyjs/helper-wasm-section/-/helper-wasm-section-1.11.5.tgz",
      "integrity": "sha1-lm6FWm+uBNVXCtTsh/vPKbQrp44=",
      "requires": {
        "@webassemblyjs/ast": "1.11.5",
        "@webassemblyjs/helper-buffer": "1.11.5",
        "@webassemblyjs/helper-wasm-bytecode": "1.11.5",
        "@webassemblyjs/wasm-gen": "1.11.5"
      }
    },
    "@webassemblyjs/ieee754": {
      "version": "1.11.5",
      "resolved": "https://repo.dev.wixpress.com/artifactory/api/npm/npm-repos/@webassemblyjs/ieee754/-/ieee754-1.11.5.tgz",
      "integrity": "sha1-stsbM86ckeNCNhlMK1y6myXKnWA=",
      "requires": {
        "@xtuc/ieee754": "^1.2.0"
      }
    },
    "@webassemblyjs/leb128": {
      "version": "1.11.5",
      "resolved": "https://repo.dev.wixpress.com/artifactory/api/npm/npm-repos/@webassemblyjs/leb128/-/leb128-1.11.5.tgz",
      "integrity": "sha1-SC5E0mtrlJ7fBCqFJaZsZJ44k1o=",
      "requires": {
        "@xtuc/long": "4.2.2"
      }
    },
    "@webassemblyjs/utf8": {
      "version": "1.11.5",
      "resolved": "https://repo.dev.wixpress.com/artifactory/api/npm/npm-repos/@webassemblyjs/utf8/-/utf8-1.11.5.tgz",
      "integrity": "sha1-g775SFbjmfN0Do359jvEeph+rho="
    },
    "@webassemblyjs/wasm-edit": {
      "version": "1.11.5",
      "resolved": "https://repo.dev.wixpress.com/artifactory/api/npm/npm-repos/@webassemblyjs/wasm-edit/-/wasm-edit-1.11.5.tgz",
      "integrity": "sha1-k+4QoIA3ZX4hxw3jHEf9rWtSKy0=",
      "requires": {
        "@webassemblyjs/ast": "1.11.5",
        "@webassemblyjs/helper-buffer": "1.11.5",
        "@webassemblyjs/helper-wasm-bytecode": "1.11.5",
        "@webassemblyjs/helper-wasm-section": "1.11.5",
        "@webassemblyjs/wasm-gen": "1.11.5",
        "@webassemblyjs/wasm-opt": "1.11.5",
        "@webassemblyjs/wasm-parser": "1.11.5",
        "@webassemblyjs/wast-printer": "1.11.5"
      }
    },
    "@webassemblyjs/wasm-gen": {
      "version": "1.11.5",
      "resolved": "https://repo.dev.wixpress.com/artifactory/api/npm/npm-repos/@webassemblyjs/wasm-gen/-/wasm-gen-1.11.5.tgz",
      "integrity": "sha1-zrHIK0C/DPZ6SSxTOBkWdW738LE=",
      "requires": {
        "@webassemblyjs/ast": "1.11.5",
        "@webassemblyjs/helper-wasm-bytecode": "1.11.5",
        "@webassemblyjs/ieee754": "1.11.5",
        "@webassemblyjs/leb128": "1.11.5",
        "@webassemblyjs/utf8": "1.11.5"
      }
    },
    "@webassemblyjs/wasm-opt": {
      "version": "1.11.5",
      "resolved": "https://repo.dev.wixpress.com/artifactory/api/npm/npm-repos/@webassemblyjs/wasm-opt/-/wasm-opt-1.11.5.tgz",
      "integrity": "sha1-tSusKWgfpiSH4W07t/BjPV5iygo=",
      "requires": {
        "@webassemblyjs/ast": "1.11.5",
        "@webassemblyjs/helper-buffer": "1.11.5",
        "@webassemblyjs/wasm-gen": "1.11.5",
        "@webassemblyjs/wasm-parser": "1.11.5"
      }
    },
    "@webassemblyjs/wasm-parser": {
      "version": "1.11.5",
      "resolved": "https://repo.dev.wixpress.com/artifactory/api/npm/npm-repos/@webassemblyjs/wasm-parser/-/wasm-parser-1.11.5.tgz",
      "integrity": "sha1-e6BpfKdMhg6hPjuiJrKWFwRpguI=",
      "requires": {
        "@webassemblyjs/ast": "1.11.5",
        "@webassemblyjs/helper-api-error": "1.11.5",
        "@webassemblyjs/helper-wasm-bytecode": "1.11.5",
        "@webassemblyjs/ieee754": "1.11.5",
        "@webassemblyjs/leb128": "1.11.5",
        "@webassemblyjs/utf8": "1.11.5"
      }
    },
    "@webassemblyjs/wast-printer": {
      "version": "1.11.5",
      "resolved": "https://repo.dev.wixpress.com/artifactory/api/npm/npm-repos/@webassemblyjs/wast-printer/-/wast-printer-1.11.5.tgz",
      "integrity": "sha1-el6WiQQ/PsqC1UTXvnqOY3Om+pg=",
      "requires": {
        "@webassemblyjs/ast": "1.11.5",
        "@xtuc/long": "4.2.2"
      }
    },
    "@webpack-cli/configtest": {
      "version": "2.0.1",
      "resolved": "https://repo.dev.wixpress.com/artifactory/api/npm/npm-repos/@webpack-cli/configtest/-/configtest-2.0.1.tgz",
      "integrity": "sha1-ppcg9sm61q71So+mupw1M+fvTH8="
    },
    "@webpack-cli/info": {
      "version": "2.0.1",
      "resolved": "https://repo.dev.wixpress.com/artifactory/api/npm/npm-repos/@webpack-cli/info/-/info-2.0.1.tgz",
      "integrity": "sha1-7tdFeZyRDSAIHgblF3wrJWnxZsA="
    },
    "@webpack-cli/serve": {
      "version": "2.0.2",
      "resolved": "https://repo.dev.wixpress.com/artifactory/api/npm/npm-repos/@webpack-cli/serve/-/serve-2.0.2.tgz",
      "integrity": "sha1-EKopDkShgsAuFzqJRSeBsay8htk="
    },
    "@xtuc/ieee754": {
      "version": "1.2.0",
      "resolved": "https://repo.dev.wixpress.com/artifactory/api/npm/npm-repos/@xtuc/ieee754/-/ieee754-1.2.0.tgz",
      "integrity": "sha1-7vAUoxRa5Hehy8AM0eVSM23Ot5A="
    },
    "@xtuc/long": {
      "version": "4.2.2",
      "resolved": "https://repo.dev.wixpress.com/artifactory/api/npm/npm-repos/@xtuc/long/-/long-4.2.2.tgz",
      "integrity": "sha1-0pHGpOl5ibXGHZrPOWrk/hM6cY0="
    },
    "acorn": {
      "version": "8.8.2",
      "resolved": "https://repo.dev.wixpress.com/artifactory/api/npm/npm-repos/acorn/-/acorn-8.8.2.tgz",
      "integrity": "sha1-Gy8l2wKvllOZuXdrDCw5EnbTfEo="
    },
    "acorn-import-assertions": {
      "version": "1.8.0",
      "resolved": "https://repo.dev.wixpress.com/artifactory/api/npm/npm-repos/acorn-import-assertions/-/acorn-import-assertions-1.8.0.tgz",
      "integrity": "sha1-uitZOc5iwjjbbZPYHJsRGym4Vek="
    },
    "acorn-walk": {
      "version": "8.2.0",
      "resolved": "https://repo.dev.wixpress.com/artifactory/api/npm/npm-repos/acorn-walk/-/acorn-walk-8.2.0.tgz",
      "integrity": "sha1-dBIQ8uJCZFRQiFOi9E0KuDt/acE=",
      "dev": true
    },
    "ajv": {
      "version": "6.12.6",
      "resolved": "https://repo.dev.wixpress.com/artifactory/api/npm/npm-repos/ajv/-/ajv-6.12.6.tgz",
      "integrity": "sha1-uvWmLoArB9l3A0WG+MO69a3ybfQ=",
      "requires": {
        "fast-deep-equal": "^3.1.1",
        "fast-json-stable-stringify": "^2.0.0",
        "json-schema-traverse": "^0.4.1",
        "uri-js": "^4.2.2"
      }
    },
    "ajv-keywords": {
      "version": "3.5.2",
      "resolved": "https://repo.dev.wixpress.com/artifactory/api/npm/npm-repos/ajv-keywords/-/ajv-keywords-3.5.2.tgz",
      "integrity": "sha1-MfKdpatuANHC0yms97WSlhTVAU0="
    },
    "ansi-styles": {
      "version": "4.3.0",
      "resolved": "https://repo.dev.wixpress.com/artifactory/api/npm/npm-repos/ansi-styles/-/ansi-styles-4.3.0.tgz",
      "integrity": "sha1-7dgDYornHATIWuegkG7a00tkiTc=",
      "dev": true,
      "requires": {
        "color-convert": "^2.0.1"
      }
    },
    "big.js": {
      "version": "5.2.2",
      "resolved": "https://repo.dev.wixpress.com/artifactory/api/npm/npm-repos/big.js/-/big.js-5.2.2.tgz",
      "integrity": "sha1-ZfCvOC9Xi83HQr2cKB6cstd2gyg=",
      "dev": true
    },
    "browserslist": {
      "version": "4.21.5",
      "resolved": "https://repo.dev.wixpress.com/artifactory/api/npm/npm-repos/browserslist/-/browserslist-4.21.5.tgz",
      "integrity": "sha1-dcXa5gBj7mQfl34A7dPPsvt69qc=",
      "requires": {
        "caniuse-lite": "^1.0.30001449",
        "electron-to-chromium": "^1.4.284",
        "node-releases": "^2.0.8",
        "update-browserslist-db": "^1.0.10"
      }
    },
    "buffer-from": {
      "version": "1.1.2",
      "resolved": "https://repo.dev.wixpress.com/artifactory/api/npm/npm-repos/buffer-from/-/buffer-from-1.1.2.tgz",
      "integrity": "sha1-KxRqb9cugLT1XSVfNe1Zo6mkG9U="
    },
    "caniuse-lite": {
      "version": "1.0.30001481",
      "resolved": "https://repo.dev.wixpress.com/artifactory/api/npm/npm-repos/caniuse-lite/-/caniuse-lite-1.0.30001481.tgz",
      "integrity": "sha1-9Ypxev6S+eadDjX/ZN9Za/rZORI="
    },
    "chalk": {
      "version": "4.1.2",
      "resolved": "https://repo.dev.wixpress.com/artifactory/api/npm/npm-repos/chalk/-/chalk-4.1.2.tgz",
      "integrity": "sha1-qsTit3NKdAhnrrFr8CqtVWoeegE=",
      "dev": true,
      "requires": {
        "ansi-styles": "^4.1.0",
        "supports-color": "^7.1.0"
      },
      "dependencies": {
        "supports-color": {
          "version": "7.2.0",
          "resolved": "https://repo.dev.wixpress.com/artifactory/api/npm/npm-repos/supports-color/-/supports-color-7.2.0.tgz",
          "integrity": "sha1-G33NyzK4E4gBs+R4umpRyqiWSNo=",
          "dev": true,
          "requires": {
            "has-flag": "^4.0.0"
          }
        }
      }
    },
    "chrome-trace-event": {
      "version": "1.0.3",
      "resolved": "https://repo.dev.wixpress.com/artifactory/api/npm/npm-repos/chrome-trace-event/-/chrome-trace-event-1.0.3.tgz",
      "integrity": "sha1-EBXs7UdB4V0GZkqVfbv1DQQeJqw="
    },
    "clone-deep": {
      "version": "4.0.1",
      "resolved": "https://repo.dev.wixpress.com/artifactory/api/npm/npm-repos/clone-deep/-/clone-deep-4.0.1.tgz",
      "integrity": "sha1-wZ/Zvbv4WUK0/ZechNz31fB8I4c=",
      "requires": {
        "is-plain-object": "^2.0.4",
        "kind-of": "^6.0.2",
        "shallow-clone": "^3.0.0"
      }
    },
    "color-convert": {
      "version": "2.0.1",
      "resolved": "https://repo.dev.wixpress.com/artifactory/api/npm/npm-repos/color-convert/-/color-convert-2.0.1.tgz",
      "integrity": "sha1-ctOmjVmMm9s68q0ehPIdiWq9TeM=",
      "dev": true,
      "requires": {
        "color-name": "~1.1.4"
      }
    },
    "color-name": {
      "version": "1.1.4",
      "resolved": "https://repo.dev.wixpress.com/artifactory/api/npm/npm-repos/color-name/-/color-name-1.1.4.tgz",
      "integrity": "sha1-wqCah6y95pVD3m9j+jmVyCbFNqI=",
      "dev": true
    },
    "colorette": {
      "version": "2.0.20",
      "resolved": "https://repo.dev.wixpress.com/artifactory/api/npm/npm-repos/colorette/-/colorette-2.0.20.tgz",
      "integrity": "sha1-nreT5oMwZ/cjWQL807CZF6AAqVo="
    },
    "commander": {
      "version": "2.20.3",
      "resolved": "https://repo.dev.wixpress.com/artifactory/api/npm/npm-repos/commander/-/commander-2.20.3.tgz",
      "integrity": "sha1-/UhehMA+tIgcIHIrpIA16FMa6zM="
    },
    "cross-spawn": {
      "version": "7.0.3",
      "resolved": "https://repo.dev.wixpress.com/artifactory/api/npm/npm-repos/cross-spawn/-/cross-spawn-7.0.3.tgz",
      "integrity": "sha1-9zqFudXUHQRVUcF34ogtSshXKKY=",
      "requires": {
        "path-key": "^3.1.0",
        "shebang-command": "^2.0.0",
        "which": "^2.0.1"
      }
    },
    "duplexer": {
      "version": "0.1.2",
      "resolved": "https://repo.dev.wixpress.com/artifactory/api/npm/npm-repos/duplexer/-/duplexer-0.1.2.tgz",
      "integrity": "sha1-Or5DrvODX4rgd9E23c4PJ2sEAOY=",
      "dev": true
    },
    "electron-to-chromium": {
      "version": "1.4.371",
      "resolved": "https://repo.dev.wixpress.com/artifactory/api/npm/npm-repos/electron-to-chromium/-/electron-to-chromium-1.4.371.tgz",
      "integrity": "sha1-OTmD7whyaKIMkmqJvjDp8L/IA7A="
    },
    "emojis-list": {
      "version": "3.0.0",
      "resolved": "https://repo.dev.wixpress.com/artifactory/api/npm/npm-repos/emojis-list/-/emojis-list-3.0.0.tgz",
      "integrity": "sha1-VXBmIEatKeLpFucariYKvf9Pang=",
      "dev": true
    },
    "enhanced-resolve": {
      "version": "5.13.0",
      "resolved": "https://repo.dev.wixpress.com/artifactory/api/npm/npm-repos/enhanced-resolve/-/enhanced-resolve-5.13.0.tgz",
      "integrity": "sha1-JtHsxEjALemXEzIXtcEFPzSgonU=",
      "requires": {
        "graceful-fs": "^4.2.4",
        "tapable": "^2.2.0"
      }
    },
    "envinfo": {
      "version": "7.8.1",
      "resolved": "https://repo.dev.wixpress.com/artifactory/api/npm/npm-repos/envinfo/-/envinfo-7.8.1.tgz",
      "integrity": "sha1-Bjd+Pl9NN5/qesWS1a2JJ+DE1HU="
    },
    "es-module-lexer": {
      "version": "1.2.1",
      "resolved": "https://repo.dev.wixpress.com/artifactory/api/npm/npm-repos/es-module-lexer/-/es-module-lexer-1.2.1.tgz",
      "integrity": "sha1-ujA4MfY+ajlJg/3i+XrXeyIyRSc="
    },
    "escalade": {
      "version": "3.1.1",
      "resolved": "https://repo.dev.wixpress.com/artifactory/api/npm/npm-repos/escalade/-/escalade-3.1.1.tgz",
      "integrity": "sha1-2M/ccACWXFoBdLSoLqpcBVJ0LkA="
    },
    "eslint-scope": {
      "version": "5.1.1",
      "resolved": "https://repo.dev.wixpress.com/artifactory/api/npm/npm-repos/eslint-scope/-/eslint-scope-5.1.1.tgz",
      "integrity": "sha1-54blmmbLkrP2wfsNUIqrF0hI9Iw=",
      "requires": {
        "esrecurse": "^4.3.0",
        "estraverse": "^4.1.1"
      }
    },
    "esrecurse": {
      "version": "4.3.0",
      "resolved": "https://repo.dev.wixpress.com/artifactory/api/npm/npm-repos/esrecurse/-/esrecurse-4.3.0.tgz",
      "integrity": "sha1-eteWTWeauyi+5yzsY3WLHF0smSE=",
      "requires": {
        "estraverse": "^5.2.0"
      },
      "dependencies": {
        "estraverse": {
          "version": "5.3.0",
          "resolved": "https://repo.dev.wixpress.com/artifactory/api/npm/npm-repos/estraverse/-/estraverse-5.3.0.tgz",
          "integrity": "sha1-LupSkHAvJquP5TcDcP+GyWXSESM="
        }
      }
    },
    "estraverse": {
      "version": "4.3.0",
      "resolved": "https://repo.dev.wixpress.com/artifactory/api/npm/npm-repos/estraverse/-/estraverse-4.3.0.tgz",
      "integrity": "sha1-OYrT88WiSUi+dyXoPRGn3ijNvR0="
    },
    "events": {
      "version": "3.3.0",
      "resolved": "https://repo.dev.wixpress.com/artifactory/api/npm/npm-repos/events/-/events-3.3.0.tgz",
      "integrity": "sha1-Mala0Kkk4tLEGagTrrLE6HjqdAA="
    },
    "fast-deep-equal": {
      "version": "3.1.3",
      "resolved": "https://repo.dev.wixpress.com/artifactory/api/npm/npm-repos/fast-deep-equal/-/fast-deep-equal-3.1.3.tgz",
      "integrity": "sha1-On1WtVnWy8PrUSMlJE5hmmXGxSU="
    },
    "fast-json-stable-stringify": {
      "version": "2.1.0",
      "resolved": "https://repo.dev.wixpress.com/artifactory/api/npm/npm-repos/fast-json-stable-stringify/-/fast-json-stable-stringify-2.1.0.tgz",
      "integrity": "sha1-h0v2nG9ATCtdmcSBNBOZ/VWJJjM="
    },
    "fastest-levenshtein": {
      "version": "1.0.16",
      "resolved": "https://repo.dev.wixpress.com/artifactory/api/npm/npm-repos/fastest-levenshtein/-/fastest-levenshtein-1.0.16.tgz",
      "integrity": "sha1-IQ5htv8YHekeqbPRuE/e3UfgNOU="
    },
    "file-loader": {
      "version": "6.2.0",
      "resolved": "https://repo.dev.wixpress.com/artifactory/api/npm/npm-repos/file-loader/-/file-loader-6.2.0.tgz",
      "integrity": "sha1-uu98+OGEDfMl5DkLRISHlIDuvk0=",
      "dev": true,
      "requires": {
        "loader-utils": "^2.0.0",
        "schema-utils": "^3.0.0"
      }
    },
    "find-up": {
      "version": "4.1.0",
      "resolved": "https://repo.dev.wixpress.com/artifactory/api/npm/npm-repos/find-up/-/find-up-4.1.0.tgz",
      "integrity": "sha1-l6/n1s3AvFkoWEt8jXsW6KmqXRk=",
      "requires": {
        "locate-path": "^5.0.0",
        "path-exists": "^4.0.0"
      }
    },
    "function-bind": {
      "version": "1.1.1",
      "resolved": "https://repo.dev.wixpress.com/artifactory/api/npm/npm-repos/function-bind/-/function-bind-1.1.1.tgz",
      "integrity": "sha1-pWiZ0+o8m6uHS7l3O3xe3pL0iV0="
    },
    "glob-to-regexp": {
      "version": "0.4.1",
      "resolved": "https://repo.dev.wixpress.com/artifactory/api/npm/npm-repos/glob-to-regexp/-/glob-to-regexp-0.4.1.tgz",
      "integrity": "sha1-x1KXCHyFG5pXi9IX3VmpL1n+VG4="
    },
    "graceful-fs": {
      "version": "4.2.11",
      "resolved": "https://repo.dev.wixpress.com/artifactory/api/npm/npm-repos/graceful-fs/-/graceful-fs-4.2.11.tgz",
      "integrity": "sha1-QYPk6L8Iu24Fu7L30uDI9xLKQOM="
    },
    "gzip-size": {
      "version": "6.0.0",
      "resolved": "https://repo.dev.wixpress.com/artifactory/api/npm/npm-repos/gzip-size/-/gzip-size-6.0.0.tgz",
      "integrity": "sha1-BlNn/VDCOcBnHLy61b4+LusQ5GI=",
      "dev": true,
      "requires": {
        "duplexer": "^0.1.2"
      }
    },
    "has": {
      "version": "1.0.3",
      "resolved": "https://repo.dev.wixpress.com/artifactory/api/npm/npm-repos/has/-/has-1.0.3.tgz",
      "integrity": "sha1-ci18v8H2qoJB8W3YFOAR4fQeh5Y=",
      "requires": {
        "function-bind": "^1.1.1"
      }
    },
    "has-flag": {
      "version": "4.0.0",
      "resolved": "https://repo.dev.wixpress.com/artifactory/api/npm/npm-repos/has-flag/-/has-flag-4.0.0.tgz",
      "integrity": "sha1-lEdx/ZyByBJlxNaUGGDaBrtZR5s="
    },
    "import-local": {
      "version": "3.1.0",
      "resolved": "https://repo.dev.wixpress.com/artifactory/api/npm/npm-repos/import-local/-/import-local-3.1.0.tgz",
      "integrity": "sha1-tEed+KX9RPbNziQHBnVnYGPJXLQ=",
      "requires": {
        "pkg-dir": "^4.2.0",
        "resolve-cwd": "^3.0.0"
      }
    },
    "interpret": {
      "version": "3.1.1",
      "resolved": "https://repo.dev.wixpress.com/artifactory/api/npm/npm-repos/interpret/-/interpret-3.1.1.tgz",
      "integrity": "sha1-W+DO7WfKecbEvFzw1+6EPc6hEMQ="
    },
    "is-core-module": {
      "version": "2.12.0",
      "resolved": "https://repo.dev.wixpress.com/artifactory/api/npm/npm-repos/is-core-module/-/is-core-module-2.12.0.tgz",
      "integrity": "sha1-Nq1i9vc8glP9ZHJRehJIPPA+fsQ=",
      "requires": {
        "has": "^1.0.3"
      }
    },
    "is-plain-object": {
      "version": "2.0.4",
      "resolved": "https://repo.dev.wixpress.com/artifactory/api/npm/npm-repos/is-plain-object/-/is-plain-object-2.0.4.tgz",
      "integrity": "sha1-LBY7P6+xtgbZ0Xko8FwqHDjgdnc=",
      "requires": {
        "isobject": "^3.0.1"
      }
    },
    "isexe": {
      "version": "2.0.0",
      "resolved": "https://repo.dev.wixpress.com/artifactory/api/npm/npm-repos/isexe/-/isexe-2.0.0.tgz",
      "integrity": "sha1-6PvzdNxVb/iUehDcsFctYz8s+hA="
    },
    "isobject": {
      "version": "3.0.1",
      "resolved": "https://repo.dev.wixpress.com/artifactory/api/npm/npm-repos/isobject/-/isobject-3.0.1.tgz",
      "integrity": "sha1-TkMekrEalzFjaqH5yNHMvP2reN8="
    },
    "jest-worker": {
      "version": "27.5.1",
      "resolved": "https://repo.dev.wixpress.com/artifactory/api/npm/npm-repos/jest-worker/-/jest-worker-27.5.1.tgz",
      "integrity": "sha1-jRRvCQDolzsQa29zzB6ajLhvjbA=",
      "requires": {
        "@types/node": "*",
        "merge-stream": "^2.0.0",
        "supports-color": "^8.0.0"
      }
    },
    "json-parse-even-better-errors": {
      "version": "2.3.1",
      "resolved": "https://repo.dev.wixpress.com/artifactory/api/npm/npm-repos/json-parse-even-better-errors/-/json-parse-even-better-errors-2.3.1.tgz",
      "integrity": "sha1-fEeAWpQxmSjgV3dAXcEuH3pO4C0="
    },
    "json-schema-traverse": {
      "version": "0.4.1",
      "resolved": "https://repo.dev.wixpress.com/artifactory/api/npm/npm-repos/json-schema-traverse/-/json-schema-traverse-0.4.1.tgz",
      "integrity": "sha1-afaofZUTq4u4/mO9sJecRI5oRmA="
    },
    "json5": {
      "version": "2.2.3",
      "resolved": "https://repo.dev.wixpress.com/artifactory/api/npm/npm-repos/json5/-/json5-2.2.3.tgz",
      "integrity": "sha1-eM1vGhm9wStz21rQxh79ZsHikoM=",
      "dev": true
    },
    "kind-of": {
      "version": "6.0.3",
      "resolved": "https://repo.dev.wixpress.com/artifactory/api/npm/npm-repos/kind-of/-/kind-of-6.0.3.tgz",
      "integrity": "sha1-B8BQNKbDSfoG4k+jWqdttFgM5N0="
    },
    "loader-runner": {
      "version": "4.3.0",
      "resolved": "https://repo.dev.wixpress.com/artifactory/api/npm/npm-repos/loader-runner/-/loader-runner-4.3.0.tgz",
      "integrity": "sha1-wbShY7mfYUgwNTsWdV5xSawjFOE="
    },
    "loader-utils": {
      "version": "2.0.4",
      "resolved": "https://repo.dev.wixpress.com/artifactory/api/npm/npm-repos/loader-utils/-/loader-utils-2.0.4.tgz",
      "integrity": "sha1-i1yzi1w0qaAY7h/A5qBm0d/MUow=",
      "dev": true,
      "requires": {
        "big.js": "^5.2.2",
        "emojis-list": "^3.0.0",
        "json5": "^2.1.2"
      }
    },
    "locate-path": {
      "version": "5.0.0",
      "resolved": "https://repo.dev.wixpress.com/artifactory/api/npm/npm-repos/locate-path/-/locate-path-5.0.0.tgz",
      "integrity": "sha1-Gvujlq/WdqbUJQTQpno6frn2KqA=",
      "requires": {
        "p-locate": "^4.1.0"
      }
    },
    "lodash": {
      "version": "4.17.21",
      "resolved": "https://repo.dev.wixpress.com/artifactory/api/npm/npm-repos/lodash/-/lodash-4.17.21.tgz",
      "integrity": "sha1-Z5WRxWTDv/quhFTPCz3zcMPWkRw=",
      "dev": true
    },
    "merge-stream": {
      "version": "2.0.0",
      "resolved": "https://repo.dev.wixpress.com/artifactory/api/npm/npm-repos/merge-stream/-/merge-stream-2.0.0.tgz",
      "integrity": "sha1-UoI2KaFN0AyXcPtq1H3GMQ8sH2A="
    },
    "mime-db": {
      "version": "1.52.0",
      "resolved": "https://repo.dev.wixpress.com/artifactory/api/npm/npm-repos/mime-db/-/mime-db-1.52.0.tgz",
      "integrity": "sha1-u6vNwChZ9JhzAchW4zh85exDv3A="
    },
    "mime-types": {
      "version": "2.1.35",
      "resolved": "https://repo.dev.wixpress.com/artifactory/api/npm/npm-repos/mime-types/-/mime-types-2.1.35.tgz",
      "integrity": "sha1-OBqHG2KnNEUGYK497uRIE/cNlZo=",
      "requires": {
        "mime-db": "1.52.0"
      }
    },
    "mrmime": {
      "version": "1.0.1",
      "resolved": "https://repo.dev.wixpress.com/artifactory/api/npm/npm-repos/mrmime/-/mrmime-1.0.1.tgz",
      "integrity": "sha1-X5DIJfrUvdQdyRTv9dGoz9ryTyc=",
      "dev": true
    },
    "neo-async": {
      "version": "2.6.2",
      "resolved": "https://repo.dev.wixpress.com/artifactory/api/npm/npm-repos/neo-async/-/neo-async-2.6.2.tgz",
      "integrity": "sha1-tKr7k+OustgXTKU88WOrfXMIMF8="
    },
    "node-releases": {
      "version": "2.0.10",
      "resolved": "https://repo.dev.wixpress.com/artifactory/api/npm/npm-repos/node-releases/-/node-releases-2.0.10.tgz",
      "integrity": "sha1-wxHrrjtqFIyJsYE/18TTwCTvU38="
    },
    "opener": {
      "version": "1.5.2",
      "resolved": "https://repo.dev.wixpress.com/artifactory/api/npm/npm-repos/opener/-/opener-1.5.2.tgz",
      "integrity": "sha1-XTfh81B3udysQwE3InGv3rKhNZg=",
      "dev": true
    },
    "p-limit": {
      "version": "2.3.0",
      "resolved": "https://repo.dev.wixpress.com/artifactory/api/npm/npm-repos/p-limit/-/p-limit-2.3.0.tgz",
      "integrity": "sha1-PdM8ZHohT9//2DWTPrCG2g3CHbE=",
      "requires": {
        "p-try": "^2.0.0"
      }
    },
    "p-locate": {
      "version": "4.1.0",
      "resolved": "https://repo.dev.wixpress.com/artifactory/api/npm/npm-repos/p-locate/-/p-locate-4.1.0.tgz",
      "integrity": "sha1-o0KLtwiLOmApL2aRkni3wpetTwc=",
      "requires": {
        "p-limit": "^2.2.0"
      }
    },
    "p-try": {
      "version": "2.2.0",
      "resolved": "https://repo.dev.wixpress.com/artifactory/api/npm/npm-repos/p-try/-/p-try-2.2.0.tgz",
      "integrity": "sha1-yyhoVA4xPWHeWPr741zpAE1VQOY="
    },
    "path-exists": {
      "version": "4.0.0",
      "resolved": "https://repo.dev.wixpress.com/artifactory/api/npm/npm-repos/path-exists/-/path-exists-4.0.0.tgz",
      "integrity": "sha1-UTvb4tO5XXdi6METfvoZXGxhtbM="
    },
    "path-key": {
      "version": "3.1.1",
      "resolved": "https://repo.dev.wixpress.com/artifactory/api/npm/npm-repos/path-key/-/path-key-3.1.1.tgz",
      "integrity": "sha1-WB9q3mWMu6ZaDTOA3ndTKVBU83U="
    },
    "path-parse": {
      "version": "1.0.7",
      "resolved": "https://repo.dev.wixpress.com/artifactory/api/npm/npm-repos/path-parse/-/path-parse-1.0.7.tgz",
      "integrity": "sha1-+8EUtgykKzDZ2vWFjkvWi77bZzU="
    },
    "picocolors": {
      "version": "1.0.0",
      "resolved": "https://repo.dev.wixpress.com/artifactory/api/npm/npm-repos/picocolors/-/picocolors-1.0.0.tgz",
      "integrity": "sha1-y1vcdP8/UYkiNur3nWi8RFZKuBw="
    },
    "pkg-dir": {
      "version": "4.2.0",
      "resolved": "https://repo.dev.wixpress.com/artifactory/api/npm/npm-repos/pkg-dir/-/pkg-dir-4.2.0.tgz",
      "integrity": "sha1-8JkTPfft5CLoHR2ESCcO6z5CYfM=",
      "requires": {
        "find-up": "^4.0.0"
      }
    },
    "punycode": {
      "version": "2.3.0",
      "resolved": "https://repo.dev.wixpress.com/artifactory/api/npm/npm-repos/punycode/-/punycode-2.3.0.tgz",
      "integrity": "sha1-9n+mfJTaj00M//mBruQRgGQZm48="
    },
    "randombytes": {
      "version": "2.1.0",
      "resolved": "https://repo.dev.wixpress.com/artifactory/api/npm/npm-repos/randombytes/-/randombytes-2.1.0.tgz",
      "integrity": "sha1-32+ENy8CcNxlzfYpE0mrekc9Tyo=",
      "requires": {
        "safe-buffer": "^5.1.0"
      }
    },
    "rechoir": {
      "version": "0.8.0",
      "resolved": "https://repo.dev.wixpress.com/artifactory/api/npm/npm-repos/rechoir/-/rechoir-0.8.0.tgz",
      "integrity": "sha1-Sfhm4NMhRhQto62PDv81KzIV/yI=",
      "requires": {
        "resolve": "^1.20.0"
      }
    },
    "resolve": {
      "version": "1.22.2",
      "resolved": "https://repo.dev.wixpress.com/artifactory/api/npm/npm-repos/resolve/-/resolve-1.22.2.tgz",
      "integrity": "sha1-DtCUPU4wGGeVV2bJ8+GubQHGhF8=",
      "requires": {
        "is-core-module": "^2.11.0",
        "path-parse": "^1.0.7",
        "supports-preserve-symlinks-flag": "^1.0.0"
      }
    },
    "resolve-cwd": {
      "version": "3.0.0",
      "resolved": "https://repo.dev.wixpress.com/artifactory/api/npm/npm-repos/resolve-cwd/-/resolve-cwd-3.0.0.tgz",
      "integrity": "sha1-DwB18bslRHZs9zumpuKt/ryxPy0=",
      "requires": {
        "resolve-from": "^5.0.0"
      }
    },
    "resolve-from": {
      "version": "5.0.0",
      "resolved": "https://repo.dev.wixpress.com/artifactory/api/npm/npm-repos/resolve-from/-/resolve-from-5.0.0.tgz",
      "integrity": "sha1-w1IlhD3493bfIcV1V7wIfp39/Gk="
    },
    "safe-buffer": {
      "version": "5.2.1",
      "resolved": "https://repo.dev.wixpress.com/artifactory/api/npm/npm-repos/safe-buffer/-/safe-buffer-5.2.1.tgz",
      "integrity": "sha1-Hq+fqb2x/dTsdfWPnNtOa3gn7sY="
    },
    "schema-utils": {
      "version": "3.1.2",
      "resolved": "https://repo.dev.wixpress.com/artifactory/api/npm/npm-repos/schema-utils/-/schema-utils-3.1.2.tgz",
      "integrity": "sha1-NsEKvKb3V3rq4TbIBLDHQe3q3Jk=",
      "requires": {
        "@types/json-schema": "^7.0.8",
        "ajv": "^6.12.5",
        "ajv-keywords": "^3.5.2"
      }
    },
    "serialize-javascript": {
      "version": "6.0.1",
      "resolved": "https://repo.dev.wixpress.com/artifactory/api/npm/npm-repos/serialize-javascript/-/serialize-javascript-6.0.1.tgz",
      "integrity": "sha1-sgbvsnw9oLCra1L0jRcLeZZFjlw=",
      "requires": {
        "randombytes": "^2.1.0"
      }
    },
    "shallow-clone": {
      "version": "3.0.1",
      "resolved": "https://repo.dev.wixpress.com/artifactory/api/npm/npm-repos/shallow-clone/-/shallow-clone-3.0.1.tgz",
      "integrity": "sha1-jymBrZJTH1UDWwH7IwdppA4C76M=",
      "requires": {
        "kind-of": "^6.0.2"
      }
    },
    "shebang-command": {
      "version": "2.0.0",
      "resolved": "https://repo.dev.wixpress.com/artifactory/api/npm/npm-repos/shebang-command/-/shebang-command-2.0.0.tgz",
      "integrity": "sha1-zNCvT4g1+9wmW4JGGq8MNmY/NOo=",
      "requires": {
        "shebang-regex": "^3.0.0"
      }
    },
    "shebang-regex": {
      "version": "3.0.0",
      "resolved": "https://repo.dev.wixpress.com/artifactory/api/npm/npm-repos/shebang-regex/-/shebang-regex-3.0.0.tgz",
      "integrity": "sha1-rhbxZE2HPsrYQ7AwexQzYtTEIXI="
    },
    "sirv": {
      "version": "1.0.19",
      "resolved": "https://repo.dev.wixpress.com/artifactory/api/npm/npm-repos/sirv/-/sirv-1.0.19.tgz",
      "integrity": "sha1-HXOXmzjH/pH8uknIUoDaqcI2O0k=",
      "dev": true,
      "requires": {
        "@polka/url": "^1.0.0-next.20",
        "mrmime": "^1.0.0",
        "totalist": "^1.0.0"
      }
    },
    "source-map": {
      "version": "0.6.1",
      "resolved": "https://repo.dev.wixpress.com/artifactory/api/npm/npm-repos/source-map/-/source-map-0.6.1.tgz",
      "integrity": "sha1-dHIq8y6WFOnCh6jQu95IteLxomM="
    },
    "source-map-support": {
      "version": "0.5.21",
      "resolved": "https://repo.dev.wixpress.com/artifactory/api/npm/npm-repos/source-map-support/-/source-map-support-0.5.21.tgz",
      "integrity": "sha1-BP58f54e0tZiIzwoyys1ufY/bk8=",
      "requires": {
        "buffer-from": "^1.0.0",
        "source-map": "^0.6.0"
      }
    },
    "supports-color": {
      "version": "8.1.1",
      "resolved": "https://repo.dev.wixpress.com/artifactory/api/npm/npm-repos/supports-color/-/supports-color-8.1.1.tgz",
      "integrity": "sha1-zW/BfihQDP9WwbhsCn/UpUpzAFw=",
      "requires": {
        "has-flag": "^4.0.0"
      }
    },
    "supports-preserve-symlinks-flag": {
      "version": "1.0.0",
      "resolved": "https://repo.dev.wixpress.com/artifactory/api/npm/npm-repos/supports-preserve-symlinks-flag/-/supports-preserve-symlinks-flag-1.0.0.tgz",
      "integrity": "sha1-btpL00SjyUrqN21MwxvHcxEDngk="
    },
    "tapable": {
      "version": "2.2.1",
      "resolved": "https://repo.dev.wixpress.com/artifactory/api/npm/npm-repos/tapable/-/tapable-2.2.1.tgz",
      "integrity": "sha1-GWenPvQGCoLxKrlq+G1S/bdu7KA="
    },
    "terser": {
      "version": "5.17.1",
      "resolved": "https://repo.dev.wixpress.com/artifactory/api/npm/npm-repos/terser/-/terser-5.17.1.tgz",
      "integrity": "sha1-lI8QgwRUdh4u7txt6+RcUyyD/Wk=",
      "requires": {
        "@jridgewell/source-map": "^0.3.2",
        "acorn": "^8.5.0",
        "commander": "^2.20.0",
        "source-map-support": "~0.5.20"
      }
    },
    "terser-webpack-plugin": {
      "version": "5.3.7",
      "resolved": "https://repo.dev.wixpress.com/artifactory/api/npm/npm-repos/terser-webpack-plugin/-/terser-webpack-plugin-5.3.7.tgz",
      "integrity": "sha1-73YGMtJJkXYPM5/pKQ3rk2rR/8c=",
      "requires": {
        "@jridgewell/trace-mapping": "^0.3.17",
        "jest-worker": "^27.4.5",
        "schema-utils": "^3.1.1",
        "serialize-javascript": "^6.0.1",
        "terser": "^5.16.5"
      }
    },
    "totalist": {
      "version": "1.1.0",
      "resolved": "https://repo.dev.wixpress.com/artifactory/api/npm/npm-repos/totalist/-/totalist-1.1.0.tgz",
      "integrity": "sha1-pNZaPlRlF3AePlw3pHpwrJf+Vt8=",
      "dev": true
    },
    "update-browserslist-db": {
      "version": "1.0.11",
      "resolved": "https://repo.dev.wixpress.com/artifactory/api/npm/npm-repos/update-browserslist-db/-/update-browserslist-db-1.0.11.tgz",
      "integrity": "sha1-mipkGtKQeuezYWUG9Ll3hR21uUA=",
      "requires": {
        "escalade": "^3.1.1",
        "picocolors": "^1.0.0"
      }
    },
    "uri-js": {
      "version": "4.4.1",
      "resolved": "https://repo.dev.wixpress.com/artifactory/api/npm/npm-repos/uri-js/-/uri-js-4.4.1.tgz",
      "integrity": "sha1-mxpSWVIlhZ5V9mnZKPiMbFfyp34=",
      "requires": {
        "punycode": "^2.1.0"
      }
    },
    "watchpack": {
      "version": "2.4.0",
      "resolved": "https://repo.dev.wixpress.com/artifactory/api/npm/npm-repos/watchpack/-/watchpack-2.4.0.tgz",
      "integrity": "sha1-+jMDI3SWLHgRP5PH8vtMVMmGKl0=",
      "requires": {
        "glob-to-regexp": "^0.4.1",
        "graceful-fs": "^4.1.2"
      }
    },
    "webpack": {
      "version": "5.80.0",
      "resolved": "https://repo.dev.wixpress.com/artifactory/api/npm/npm-repos/webpack/-/webpack-5.80.0.tgz",
      "integrity": "sha1-PmYLSrVyvjjF6VS9qufiv3YBD9w=",
      "requires": {
        "@types/eslint-scope": "^3.7.3",
        "@types/estree": "^1.0.0",
        "@webassemblyjs/ast": "^1.11.5",
        "@webassemblyjs/wasm-edit": "^1.11.5",
        "@webassemblyjs/wasm-parser": "^1.11.5",
        "acorn": "^8.7.1",
        "acorn-import-assertions": "^1.7.6",
        "browserslist": "^4.14.5",
        "chrome-trace-event": "^1.0.2",
        "enhanced-resolve": "^5.13.0",
        "es-module-lexer": "^1.2.1",
        "eslint-scope": "5.1.1",
        "events": "^3.2.0",
        "glob-to-regexp": "^0.4.1",
        "graceful-fs": "^4.2.9",
        "json-parse-even-better-errors": "^2.3.1",
        "loader-runner": "^4.2.0",
        "mime-types": "^2.1.27",
        "neo-async": "^2.6.2",
        "schema-utils": "^3.1.2",
        "tapable": "^2.1.1",
        "terser-webpack-plugin": "^5.3.7",
        "watchpack": "^2.4.0",
        "webpack-sources": "^3.2.3"
      }
    },
    "webpack-bundle-analyzer": {
      "version": "4.8.0",
      "resolved": "https://repo.dev.wixpress.com/artifactory/api/npm/npm-repos/webpack-bundle-analyzer/-/webpack-bundle-analyzer-4.8.0.tgz",
      "integrity": "sha1-lRuKr0kfZl0q4yXYuE2iKRV7HQQ=",
      "dev": true,
      "requires": {
        "@discoveryjs/json-ext": "0.5.7",
        "acorn": "^8.0.4",
        "acorn-walk": "^8.0.0",
        "chalk": "^4.1.0",
        "commander": "^7.2.0",
        "gzip-size": "^6.0.0",
        "lodash": "^4.17.20",
        "opener": "^1.5.2",
        "sirv": "^1.0.7",
        "ws": "^7.3.1"
      },
      "dependencies": {
        "commander": {
          "version": "7.2.0",
          "resolved": "https://repo.dev.wixpress.com/artifactory/api/npm/npm-repos/commander/-/commander-7.2.0.tgz",
          "integrity": "sha1-o2y1fQtQHOEI5NIFWaFQo5HZerc=",
          "dev": true
        }
      }
    },
    "webpack-cli": {
      "version": "5.0.2",
      "resolved": "https://repo.dev.wixpress.com/artifactory/api/npm/npm-repos/webpack-cli/-/webpack-cli-5.0.2.tgz",
      "integrity": "sha1-KVTBDsthxdTa1vaO4td/BRdBlGw=",
      "requires": {
        "@discoveryjs/json-ext": "^0.5.0",
        "@webpack-cli/configtest": "^2.0.1",
        "@webpack-cli/info": "^2.0.1",
        "@webpack-cli/serve": "^2.0.2",
        "colorette": "^2.0.14",
        "commander": "^10.0.1",
        "cross-spawn": "^7.0.3",
        "envinfo": "^7.7.3",
        "fastest-levenshtein": "^1.0.12",
        "import-local": "^3.0.2",
        "interpret": "^3.1.1",
        "rechoir": "^0.8.0",
        "webpack-merge": "^5.7.3"
      },
      "dependencies": {
        "commander": {
          "version": "10.0.1",
          "resolved": "https://repo.dev.wixpress.com/artifactory/api/npm/npm-repos/commander/-/commander-10.0.1.tgz",
          "integrity": "sha1-iB7ka0930cHczFgjQzqjmwIsvgY="
        }
      }
    },
    "webpack-merge": {
      "version": "5.8.0",
      "resolved": "https://repo.dev.wixpress.com/artifactory/api/npm/npm-repos/webpack-merge/-/webpack-merge-5.8.0.tgz",
      "integrity": "sha1-Kznb8ir4d3atdEw5AiNzHTCmj2E=",
      "requires": {
        "clone-deep": "^4.0.1",
        "wildcard": "^2.0.0"
      }
    },
    "webpack-sources": {
      "version": "3.2.3",
      "resolved": "https://repo.dev.wixpress.com/artifactory/api/npm/npm-repos/webpack-sources/-/webpack-sources-3.2.3.tgz",
      "integrity": "sha1-LU2quEUf1LJAzCcFX/agwszqDN4="
    },
    "which": {
      "version": "2.0.2",
      "resolved": "https://repo.dev.wixpress.com/artifactory/api/npm/npm-repos/which/-/which-2.0.2.tgz",
      "integrity": "sha1-fGqN0KY2oDJ+ELWckobu6T8/UbE=",
      "requires": {
        "isexe": "^2.0.0"
      }
    },
    "wildcard": {
      "version": "2.0.1",
      "resolved": "https://repo.dev.wixpress.com/artifactory/api/npm/npm-repos/wildcard/-/wildcard-2.0.1.tgz",
      "integrity": "sha1-WrENAkhxmJVINrY0n3T/+WHhD2c="
    },
    "ws": {
      "version": "7.5.9",
      "resolved": "https://repo.dev.wixpress.com/artifactory/api/npm/npm-repos/ws/-/ws-7.5.9.tgz",
      "integrity": "sha1-VPp9sp9MfOxosd3TqJ3gmZQrtZE=",
      "dev": true
    }
  }
}
